
Microsoft Visual Studio Solution File, Format Version 12.00
Project("{FAE04EC0-301F-11D3-BF4B-00C04F79EFBC}") = "Memki", "Memki\Memki.csproj", "{6B5153C3-01F9-4129-B8EB-05A10CB91B0D}"
EndProject
Project("{FAE04EC0-301F-11D3-BF4B-00C04F79EFBC}") = "Memki.Model", "Memki.Model\Memki.Model.csproj", "{F427C02E-D2F4-4D96-95CE-16611C96C508}"
EndProject
Project("{FAE04EC0-301F-11D3-BF4B-00C04F79EFBC}") = "Memki.Migrator", "Memki.Migrator\Memki.Migrator.csproj", "{1229E15A-2BFA-4F89-B645-1D10483F25DE}"
EndProject
Global
	GlobalSection(SolutionConfigurationPlatforms) = preSolution
		Debug|Any CPU = Debug|Any CPU
		Release|Any CPU = Release|Any CPU
	EndGlobalSection
	GlobalSection(ProjectConfigurationPlatforms) = postSolution
		{6B5153C3-01F9-4129-B8EB-05A10CB91B0D}.Debug|Any CPU.ActiveCfg = Debug|Any CPU
		{6B5153C3-01F9-4129-B8EB-05A10CB91B0D}.Debug|Any CPU.Build.0 = Debug|Any CPU
		{6B5153C3-01F9-4129-B8EB-05A10CB91B0D}.Release|Any CPU.ActiveCfg = Release|Any CPU
		{6B5153C3-01F9-4129-B8EB-05A10CB91B0D}.Release|Any CPU.Build.0 = Release|Any CPU
		{F427C02E-D2F4-4D96-95CE-16611C96C508}.Debug|Any CPU.ActiveCfg = Debug|Any CPU
		{F427C02E-D2F4-4D96-95CE-16611C96C508}.Debug|Any CPU.Build.0 = Debug|Any CPU
		{F427C02E-D2F4-4D96-95CE-16611C96C508}.Release|Any CPU.ActiveCfg = Release|Any CPU
		{F427C02E-D2F4-4D96-95CE-16611C96C508}.Release|Any CPU.Build.0 = Release|Any CPU
		{1229E15A-2BFA-4F89-B645-1D10483F25DE}.Debug|Any CPU.ActiveCfg = Debug|Any CPU
		{1229E15A-2BFA-4F89-B645-1D10483F25DE}.Debug|Any CPU.Build.0 = Debug|Any CPU
		{1229E15A-2BFA-4F89-B645-1D10483F25DE}.Release|Any CPU.ActiveCfg = Release|Any CPU
		{1229E15A-2BFA-4F89-B645-1D10483F25DE}.Release|Any CPU.Build.0 = Release|Any CPU
	EndGlobalSection
EndGlobal
